
Microsoft Visual Studio Solution File, Format Version 12.00
# Visual Studio Version 17
VisualStudioVersion = 17.1.32328.378
MinimumVisualStudioVersion = 10.0.40219.1
Project("{FAE04EC0-301F-11D3-BF4B-00C04F79EFBC}") = "dZapataOnlines2.Android", "dZapataOnlines2.Android\dZapataOnlines2.Android.csproj", "{EE9FD9FE-5F29-48AF-8E75-5B75A5413A4C}"
EndProject
Project("{FAE04EC0-301F-11D3-BF4B-00C04F79EFBC}") = "dZapataOnlines2.iOS", "dZapataOnlines2.iOS\dZapataOnlines2.iOS.csproj", "{9602D42A-10EE-4796-B25E-6BB8C2690683}"
EndProject
Project("{FAE04EC0-301F-11D3-BF4B-00C04F79EFBC}") = "dZapataOnlines2", "dZapataOnlines2\dZapataOnlines2.csproj", "{B938F600-AA9D-4ED2-82F7-797478042DF0}"
EndProject
Global
	GlobalSection(SolutionConfigurationPlatforms) = preSolution
		Debug|Any CPU = Debug|Any CPU
		Debug|iPhone = Debug|iPhone
		Debug|iPhoneSimulator = Debug|iPhoneSimulator
		Release|Any CPU = Release|Any CPU
		Release|iPhone = Release|iPhone
		Release|iPhoneSimulator = Release|iPhoneSimulator
	EndGlobalSection
	GlobalSection(ProjectConfigurationPlatforms) = postSolution
		{EE9FD9FE-5F29-48AF-8E75-5B75A5413A4C}.Debug|Any CPU.ActiveCfg = Debug|Any CPU
		{EE9FD9FE-5F29-48AF-8E75-5B75A5413A4C}.Debug|Any CPU.Build.0 = Debug|Any CPU
		{EE9FD9FE-5F29-48AF-8E75-5B75A5413A4C}.Debug|Any CPU.Deploy.0 = Debug|Any CPU
		{EE9FD9FE-5F29-48AF-8E75-5B75A5413A4C}.Debug|iPhone.ActiveCfg = Debug|Any CPU
		{EE9FD9FE-5F29-48AF-8E75-5B75A5413A4C}.Debug|iPhone.Build.0 = Debug|Any CPU
		{EE9FD9FE-5F29-48AF-8E75-5B75A5413A4C}.Debug|iPhone.Deploy.0 = Debug|Any CPU
		{EE9FD9FE-5F29-48AF-8E75-5B75A5413A4C}.Debug|iPhoneSimulator.ActiveCfg = Debug|Any CPU
		{EE9FD9FE-5F29-48AF-8E75-5B75A5413A4C}.Debug|iPhoneSimulator.Build.0 = Debug|Any CPU
		{EE9FD9FE-5F29-48AF-8E75-5B75A5413A4C}.Debug|iPhoneSimulator.Deploy.0 = Debug|Any CPU
		{EE9FD9FE-5F29-48AF-8E75-5B75A5413A4C}.Release|Any CPU.ActiveCfg = Release|Any CPU
		{EE9FD9FE-5F29-48AF-8E75-5B75A5413A4C}.Release|Any CPU.Build.0 = Release|Any CPU
		{EE9FD9FE-5F29-48AF-8E75-5B75A5413A4C}.Release|Any CPU.Deploy.0 = Release|Any CPU
		{EE9FD9FE-5F29-48AF-8E75-5B75A5413A4C}.Release|iPhone.ActiveCfg = Release|Any CPU
		{EE9FD9FE-5F29-48AF-8E75-5B75A5413A4C}.Release|iPhone.Build.0 = Release|Any CPU
		{EE9FD9FE-5F29-48AF-8E75-5B75A5413A4C}.Release|iPhone.Deploy.0 = Release|Any CPU
		{EE9FD9FE-5F29-48AF-8E75-5B75A5413A4C}.Release|iPhoneSimulator.ActiveCfg = Release|Any CPU
		{EE9FD9FE-5F29-48AF-8E75-5B75A5413A4C}.Release|iPhoneSimulator.Build.0 = Release|Any CPU
		{EE9FD9FE-5F29-48AF-8E75-5B75A5413A4C}.Release|iPhoneSimulator.Deploy.0 = Release|Any CPU
		{9602D42A-10EE-4796-B25E-6BB8C2690683}.Debug|Any CPU.ActiveCfg = Debug|iPhone
		{9602D42A-10EE-4796-B25E-6BB8C2690683}.Debug|Any CPU.Build.0 = Debug|iPhone
		{9602D42A-10EE-4796-B25E-6BB8C2690683}.Debug|Any CPU.Deploy.0 = Debug|iPhone
		{9602D42A-10EE-4796-B25E-6BB8C2690683}.Debug|iPhone.ActiveCfg = Debug|iPhone
		{9602D42A-10EE-4796-B25E-6BB8C2690683}.Debug|iPhone.Build.0 = Debug|iPhone
		{9602D42A-10EE-4796-B25E-6BB8C2690683}.Debug|iPhone.Deploy.0 = Debug|iPhone
		{9602D42A-10EE-4796-B25E-6BB8C2690683}.Debug|iPhoneSimulator.ActiveCfg = Debug|iPhoneSimulator
		{9602D42A-10EE-4796-B25E-6BB8C2690683}.Debug|iPhoneSimulator.Build.0 = Debug|iPhoneSimulator
		{9602D42A-10EE-4796-B25E-6BB8C2690683}.Debug|iPhoneSimulator.Deploy.0 = Debug|iPhoneSimulator
		{9602D42A-10EE-4796-B25E-6BB8C2690683}.Release|Any CPU.ActiveCfg = Release|iPhoneSimulator
		{9602D42A-10EE-4796-B25E-6BB8C2690683}.Release|Any CPU.Build.0 = Release|iPhoneSimulator
		{9602D42A-10EE-4796-B25E-6BB8C2690683}.Release|Any CPU.Deploy.0 = Release|iPhoneSimulator
		{9602D42A-10EE-4796-B25E-6BB8C2690683}.Release|iPhone.ActiveCfg = Release|iPhone
		{9602D42A-10EE-4796-B25E-6BB8C2690683}.Release|iPhone.Build.0 = Release|iPhone
		{9602D42A-10EE-4796-B25E-6BB8C2690683}.Release|iPhone.Deploy.0 = Release|iPhone
		{9602D42A-10EE-4796-B25E-6BB8C2690683}.Release|iPhoneSimulator.ActiveCfg = Release|iPhoneSimulator
		{9602D42A-10EE-4796-B25E-6BB8C2690683}.Release|iPhoneSimulator.Build.0 = Release|iPhoneSimulator
		{9602D42A-10EE-4796-B25E-6BB8C2690683}.Release|iPhoneSimulator.Deploy.0 = Release|iPhoneSimulator
		{B938F600-AA9D-4ED2-82F7-797478042DF0}.Debug|Any CPU.ActiveCfg = Debug|Any CPU
		{B938F600-AA9D-4ED2-82F7-797478042DF0}.Debug|Any CPU.Build.0 = Debug|Any CPU
		{B938F600-AA9D-4ED2-82F7-797478042DF0}.Debug|Any CPU.Deploy.0 = Debug|Any CPU
		{B938F600-AA9D-4ED2-82F7-797478042DF0}.Debug|iPhone.ActiveCfg = Debug|Any CPU
		{B938F600-AA9D-4ED2-82F7-797478042DF0}.Debug|iPhone.Build.0 = Debug|Any CPU
		{B938F600-AA9D-4ED2-82F7-797478042DF0}.Debug|iPhone.Deploy.0 = Debug|Any CPU
		{B938F600-AA9D-4ED2-82F7-797478042DF0}.Debug|iPhoneSimulator.ActiveCfg = Debug|Any CPU
		{B938F600-AA9D-4ED2-82F7-797478042DF0}.Debug|iPhoneSimulator.Build.0 = Debug|Any CPU
		{B938F600-AA9D-4ED2-82F7-797478042DF0}.Debug|iPhoneSimulator.Deploy.0 = Debug|Any CPU
		{B938F600-AA9D-4ED2-82F7-797478042DF0}.Release|Any CPU.ActiveCfg = Release|Any CPU
		{B938F600-AA9D-4ED2-82F7-797478042DF0}.Release|Any CPU.Build.0 = Release|Any CPU
		{B938F600-AA9D-4ED2-82F7-797478042DF0}.Release|Any CPU.Deploy.0 = Release|Any CPU
		{B938F600-AA9D-4ED2-82F7-797478042DF0}.Release|iPhone.ActiveCfg = Release|Any CPU
		{B938F600-AA9D-4ED2-82F7-797478042DF0}.Release|iPhone.Build.0 = Release|Any CPU
		{B938F600-AA9D-4ED2-82F7-797478042DF0}.Release|iPhone.Deploy.0 = Release|Any CPU
		{B938F600-AA9D-4ED2-82F7-797478042DF0}.Release|iPhoneSimulator.ActiveCfg = Release|Any CPU
		{B938F600-AA9D-4ED2-82F7-797478042DF0}.Release|iPhoneSimulator.Build.0 = Release|Any CPU
		{B938F600-AA9D-4ED2-82F7-797478042DF0}.Release|iPhoneSimulator.Deploy.0 = Release|Any CPU
	EndGlobalSection
	GlobalSection(SolutionProperties) = preSolution
		HideSolutionNode = FALSE
	EndGlobalSection
	GlobalSection(ExtensibilityGlobals) = postSolution
		SolutionGuid = {AA698257-D572-48DB-AD61-312D2684F8E3}
	EndGlobalSection
EndGlobal
